dependencies:
- name: loki
  repository: https://grafana.github.io/helm-charts
  version: 5.3.1
- name: promtail
  repository: https://grafana.github.io/helm-charts
  version: 6.11.0
digest: sha256:f0c8c353dec562b954eb0db72cd2a3f1ff6050fca5b3837a8d5ed956fe087987
generated: "2023-04-30T14:40:02.94847+03:00"
